// !$*UTF8*$!
{
	archiveVersion = 1;
	classes = {
	};
	objectVersion = 52;
	objects = {

/* Begin PBXBuildFile section */
		373AA49426EC9C98007A556C /* TimerCell.swift in Sources */ = {isa = PBXBuildFile; fileRef = 373AA49326EC9C98007A556C /* TimerCell.swift */; };
		373AA49626ECA0FF007A556C /* TimersViewModel.swift in Sources */ = {isa = PBXBuildFile; fileRef = 373AA49526ECA0FF007A556C /* TimersViewModel.swift */; };
		373AA49A26ECD449007A556C /* TimerTask.swift in Sources */ = {isa = PBXBuildFile; fileRef = 373AA49926ECD449007A556C /* TimerTask.swift */; };
		373AA49F26EE49C4007A556C /* Realm in Frameworks */ = {isa = PBXBuildFile; productRef = 373AA49E26EE49C4007A556C /* Realm */; };
		373AA4A126EE49C4007A556C /* RealmSwift in Frameworks */ = {isa = PBXBuildFile; productRef = 373AA4A026EE49C4007A556C /* RealmSwift */; };
		373AA4A326EE49E1007A556C /* StorageManager.swift in Sources */ = {isa = PBXBuildFile; fileRef = 373AA4A226EE49E1007A556C /* StorageManager.swift */; };
		37CD4EC826EC68DB00437D17 /* AppDelegate.swift in Sources */ = {isa = PBXBuildFile; fileRef = 37CD4EC726EC68DB00437D17 /* AppDelegate.swift */; };
		37CD4ECA26EC68DB00437D17 /* SceneDelegate.swift in Sources */ = {isa = PBXBuildFile; fileRef = 37CD4EC926EC68DB00437D17 /* SceneDelegate.swift */; };
		37CD4ECC26EC68DB00437D17 /* TimersViewController.swift in Sources */ = {isa = PBXBuildFile; fileRef = 37CD4ECB26EC68DB00437D17 /* TimersViewController.swift */; };
		37CD4ED126EC68DE00437D17 /* Assets.xcassets in Resources */ = {isa = PBXBuildFile; fileRef = 37CD4ED026EC68DE00437D17 /* Assets.xcassets */; };
		37CD4EDC26EC86BF00437D17 /* LaunchScreen.storyboard in Resources */ = {isa = PBXBuildFile; fileRef = 37CD4EDB26EC86BF00437D17 /* LaunchScreen.storyboard */; };
/* End PBXBuildFile section */

/* Begin PBXFileReference section */
		373AA49326EC9C98007A556C /* TimerCell.swift */ = {isa = PBXFileReference; lastKnownFileType = sourcecode.swift; path = TimerCell.swift; sourceTree = "<group>"; };
		373AA49526ECA0FF007A556C /* TimersViewModel.swift */ = {isa = PBXFileReference; lastKnownFileType = sourcecode.swift; path = TimersViewModel.swift; sourceTree = "<group>"; };
		373AA49926ECD449007A556C /* TimerTask.swift */ = {isa = PBXFileReference; lastKnownFileType = sourcecode.swift; path = TimerTask.swift; sourceTree = "<group>"; };
		373AA4A226EE49E1007A556C /* StorageManager.swift */ = {isa = PBXFileReference; lastKnownFileType = sourcecode.swift; path = StorageManager.swift; sourceTree = "<group>"; };
		37CD4EC426EC68DB00437D17 /* SimpleTimer.app */ = {isa = PBXFileReference; explicitFileType = wrapper.application; includeInIndex = 0; path = SimpleTimer.app; sourceTree = BUILT_PRODUCTS_DIR; };
		37CD4EC726EC68DB00437D17 /* AppDelegate.swift */ = {isa = PBXFileReference; lastKnownFileType = sourcecode.swift; path = AppDelegate.swift; sourceTree = "<group>"; };
		37CD4EC926EC68DB00437D17 /* SceneDelegate.swift */ = {isa = PBXFileReference; lastKnownFileType = sourcecode.swift; path = SceneDelegate.swift; sourceTree = "<group>"; };
		37CD4ECB26EC68DB00437D17 /* TimersViewController.swift */ = {isa = PBXFileReference; lastKnownFileType = sourcecode.swift; path = TimersViewController.swift; sourceTree = "<group>"; };
		37CD4ED026EC68DE00437D17 /* Assets.xcassets */ = {isa = PBXFileReference; lastKnownFileType = folder.assetcatalog; path = Assets.xcassets; sourceTree = "<group>"; };
		37CD4ED526EC68DE00437D17 /* Info.plist */ = {isa = PBXFileReference; lastKnownFileType = text.plist.xml; path = Info.plist; sourceTree = "<group>"; };
		37CD4EDB26EC86BF00437D17 /* LaunchScreen.storyboard */ = {isa = PBXFileReference; lastKnownFileType = file.storyboard; path = LaunchScreen.storyboard; sourceTree = "<group>"; };
/* End PBXFileReference section */

/* Begin PBXFrameworksBuildPhase section */
		37CD4EC126EC68DB00437D17 /* Frameworks */ = {
			isa = PBXFrameworksBuildPhase;
			buildActionMask = 2147483647;
			files = (
				373AA4A126EE49C4007A556C /* RealmSwift in Frameworks */,
				373AA49F26EE49C4007A556C /* Realm in Frameworks */,
			);
			runOnlyForDeploymentPostprocessing = 0;
		};
/* End PBXFrameworksBuildPhase section */

/* Begin PBXGroup section */
		37CD4EBB26EC68DB00437D17 = {
			isa = PBXGroup;
			children = (
				37CD4EC626EC68DB00437D17 /* SimpleTimer */,
				37CD4EC526EC68DB00437D17 /* Products */,
			);
			sourceTree = "<group>";
		};
		37CD4EC526EC68DB00437D17 /* Products */ = {
			isa = PBXGroup;
			children = (
				37CD4EC426EC68DB00437D17 /* SimpleTimer.app */,
			);
			name = Products;
			sourceTree = "<group>";
		};
		37CD4EC626EC68DB00437D17 /* SimpleTimer */ = {
			isa = PBXGroup;
			children = (
				37CD4ECB26EC68DB00437D17 /* TimersViewController.swift */,
				373AA49526ECA0FF007A556C /* TimersViewModel.swift */,
				373AA49326EC9C98007A556C /* TimerCell.swift */,
				373AA49926ECD449007A556C /* TimerTask.swift */,
				373AA4A226EE49E1007A556C /* StorageManager.swift */,
				37CD4EC726EC68DB00437D17 /* AppDelegate.swift */,
				37CD4EC926EC68DB00437D17 /* SceneDelegate.swift */,
				37CD4EDB26EC86BF00437D17 /* LaunchScreen.storyboard */,
				37CD4ED526EC68DE00437D17 /* Info.plist */,
				37CD4ED026EC68DE00437D17 /* Assets.xcassets */,
			);
			path = SimpleTimer;
			sourceTree = "<group>";
		};
/* End PBXGroup section */

/* Begin PBXNativeTarget section */
		37CD4EC326EC68DB00437D17 /* SimpleTimer */ = {
			isa = PBXNativeTarget;
			buildConfigurationList = 37CD4ED826EC68DE00437D17 /* Build configuration list for PBXNativeTarget "SimpleTimer" */;
			buildPhases = (
				37CD4EC026EC68DB00437D17 /* Sources */,
				37CD4EC126EC68DB00437D17 /* Frameworks */,
				37CD4EC226EC68DB00437D17 /* Resources */,
			);
			buildRules = (
			);
			dependencies = (
			);
			name = SimpleTimer;
			packageProductDependencies = (
				373AA49E26EE49C4007A556C /* Realm */,
				373AA4A026EE49C4007A556C /* RealmSwift */,
			);
			productName = SimpleTimer;
			productReference = 37CD4EC426EC68DB00437D17 /* SimpleTimer.app */;
			productType = "com.apple.product-type.application";
		};
/* End PBXNativeTarget section */

/* Begin PBXProject section */
		37CD4EBC26EC68DB00437D17 /* Project object */ = {
			isa = PBXProject;
			attributes = {
				LastSwiftUpdateCheck = 1250;
				LastUpgradeCheck = 1250;
				TargetAttributes = {
					37CD4EC326EC68DB00437D17 = {
						CreatedOnToolsVersion = 12.5.1;
					};
				};
			};
			buildConfigurationList = 37CD4EBF26EC68DB00437D17 /* Build configuration list for PBXProject "SimpleTimer" */;
			compatibilityVersion = "Xcode 9.3";
			developmentRegion = en;
			hasScannedForEncodings = 0;
			knownRegions = (
				en,
				Base,
			);
			mainGroup = 37CD4EBB26EC68DB00437D17;
			packageReferences = (
				373AA49D26EE49C4007A556C /* XCRemoteSwiftPackageReference "realm-cocoa" */,
			);
			productRefGroup = 37CD4EC526EC68DB00437D17 /* Products */;
			projectDirPath = "";
			projectRoot = "";
			targets = (
				37CD4EC326EC68DB00437D17 /* SimpleTimer */,
			);
		};
/* End PBXProject section */

/* Begin PBXResourcesBuildPhase section */
		37CD4EC226EC68DB00437D17 /* Resources */ = {
			isa = PBXResourcesBuildPhase;
			buildActionMask = 2147483647;
			files = (
				37CD4EDC26EC86BF00437D17 /* LaunchScreen.storyboard in Resources */,
				37CD4ED126EC68DE00437D17 /* Assets.xcassets in Resources */,
			);
			runOnlyForDeploymentPostprocessing = 0;
		};
/* End PBXResourcesBuildPhase section */

/* Begin PBXSourcesBuildPhase section */
		37CD4EC026EC68DB00437D17 /* Sources */ = {
			isa = PBXSourcesBuildPhase;
			buildActionMask = 2147483647;
			files = (
				373AA49626ECA0FF007A556C /* TimersViewModel.swift in Sources */,
				37CD4ECC26EC68DB00437D17 /* TimersViewController.swift in Sources */,
				37CD4EC826EC68DB00437D17 /* AppDelegate.swift in Sources */,
				37CD4ECA26EC68DB00437D17 /* SceneDelegate.swift in Sources */,
				373AA49A26ECD449007A556C /* TimerTask.swift in Sources */,
				373AA49426EC9C98007A556C /* TimerCell.swift in Sources */,
				373AA4A326EE49E1007A556C /* StorageManager.swift in Sources */,
			);
			runOnlyForDeploymentPostprocessing = 0;
		};
/* End PBXSourcesBuildPhase section */

/* Begin XCBuildConfiguration section */
		37CD4ED626EC68DE00437D17 /* Debug */ = {
			isa = XCBuildConfiguration;
			buildSettings = {
				ALWAYS_SEARCH_USER_PATHS = NO;
				CLANG_ANALYZER_NONNULL = YES;
				CLANG_ANALYZER_NUMBER_OBJECT_CONVERSION = YES_AGGRESSIVE;
				CLANG_CXX_LANGUAGE_STANDARD = "gnu++14";
				CLANG_CXX_LIBRARY = "libc++";
				CLANG_ENABLE_MODULES = YES;
				CLANG_ENABLE_OBJC_ARC = YES;
				CLANG_ENABLE_OBJC_WEAK = YES;
				CLANG_WARN_BLOCK_CAPTURE_AUTORELEASING = YES;
				CLANG_WARN_BOOL_CONVERSION = YES;
				CLANG_WARN_COMMA = YES;
				CLANG_WARN_CONSTANT_CONVERSION = YES;
				CLANG_WARN_DEPRECATED_OBJC_IMPLEMENTATIONS = YES;
				CLANG_WARN_DIRECT_OBJC_ISA_USAGE = YES_ERROR;
				CLANG_WARN_DOCUMENTATION_COMMENTS = YES;
				CLANG_WARN_EMPTY_BODY = YES;
				CLANG_WARN_ENUM_CONVERSION = YES;
				CLANG_WARN_INFINITE_RECURSION = YES;
				CLANG_WARN_INT_CONVERSION = YES;
				CLANG_WARN_NON_LITERAL_NULL_CONVERSION = YES;
				CLANG_WARN_OBJC_IMPLICIT_RETAIN_SELF = YES;
				CLANG_WARN_OBJC_LITERAL_CONVERSION = YES;
				CLANG_WARN_OBJC_ROOT_CLASS = YES_ERROR;
				CLANG_WARN_QUOTED_INCLUDE_IN_FRAMEWORK_HEADER = YES;
				CLANG_WARN_RANGE_LOOP_ANALYSIS = YES;
				CLANG_WARN_STRICT_PROTOTYPES = YES;
				CLANG_WARN_SUSPICIOUS_MOVE = YES;
				CLANG_WARN_UNGUARDED_AVAILABILITY = YES_AGGRESSIVE;
				CLANG_WARN_UNREACHABLE_CODE = YES;
				CLANG_WARN__DUPLICATE_METHOD_MATCH = YES;
				COPY_PHASE_STRIP = NO;
				DEBUG_INFORMATION_FORMAT = dwarf;
				ENABLE_STRICT_OBJC_MSGSEND = YES;
				ENABLE_TESTABILITY = YES;
				GCC_C_LANGUAGE_STANDARD = gnu11;
				GCC_DYNAMIC_NO_PIC = NO;
				GCC_NO_COMMON_BLOCKS = YES;
				GCC_OPTIMIZATION_LEVEL = 0;
				GCC_PREPROCESSOR_DEFINITIONS = (
					"DEBUG=1",
					"$(inherited)",
				);
				GCC_WARN_64_TO_32_BIT_CONVERSION = YES;
				GCC_WARN_ABOUT_RETURN_TYPE = YES_ERROR;
				GCC_WARN_UNDECLARED_SELECTOR = YES;
				GCC_WARN_UNINITIALIZED_AUTOS = YES_AGGRESSIVE;
				GCC_WARN_UNUSED_FUNCTION = YES;
				GCC_WARN_UNUSED_VARIABLE = YES;
				IPHONEOS_DEPLOYMENT_TARGET = 14.5;
				MTL_ENABLE_DEBUG_INFO = INCLUDE_SOURCE;
				MTL_FAST_MATH = YES;
				ONLY_ACTIVE_ARCH = YES;
				SDKROOT = iphoneos;
				SWIFT_ACTIVE_COMPILATION_CONDITIONS = DEBUG;
				SWIFT_OPTIMIZATION_LEVEL = "-Onone";
			};
			name = Debug;
		};
		37CD4ED726EC68DE00437D17 /* Release */ = {
			isa = XCBuildConfiguration;
			buildSettings = {
				ALWAYS_SEARCH_USER_PATHS = NO;
				CLANG_ANALYZER_NONNULL = YES;
				CLANG_ANALYZER_NUMBER_OBJECT_CONVERSION = YES_AGGRESSIVE;
				CLANG_CXX_LANGUAGE_STANDARD = "gnu++14";
				CLANG_CXX_LIBRARY = "libc++";
				CLANG_ENABLE_MODULES = YES;
				CLANG_ENABLE_OBJC_ARC = YES;
				CLANG_ENABLE_OBJC_WEAK = YES;
				CLANG_WARN_BLOCK_CAPTURE_AUTORELEASING = YES;
				CLANG_WARN_BOOL_CONVERSION = YES;
				CLANG_WARN_COMMA = YES;
				CLANG_WARN_CONSTANT_CONVERSION = YES;
				CLANG_WARN_DEPRECATED_OBJC_IMPLEMENTATIONS = YES;
				CLANG_WARN_DIRECT_OBJC_ISA_USAGE = YES_ERROR;
				CLANG_WARN_DOCUMENTATION_COMMENTS = YES;
				CLANG_WARN_EMPTY_BODY = YES;
				CLANG_WARN_ENUM_CONVERSION = YES;
				CLANG_WARN_INFINITE_RECURSION = YES;
				CLANG_WARN_INT_CONVERSION = YES;
				CLANG_WARN_NON_LITERAL_NULL_CONVERSION = YES;
				CLANG_WARN_OBJC_IMPLICIT_RETAIN_SELF = YES;
				CLANG_WARN_OBJC_LITERAL_CONVERSION = YES;
				CLANG_WARN_OBJC_ROOT_CLASS = YES_ERROR;
				CLANG_WARN_QUOTED_INCLUDE_IN_FRAMEWORK_HEADER = YES;
				CLANG_WARN_RANGE_LOOP_ANALYSIS = YES;
				CLANG_WARN_STRICT_PROTOTYPES = YES;
				CLANG_WARN_SUSPICIOUS_MOVE = YES;
				CLANG_WARN_UNGUARDED_AVAILABILITY = YES_AGGRESSIVE;
				CLANG_WARN_UNREACHABLE_CODE = YES;
				CLANG_WARN__DUPLICATE_METHOD_MATCH = YES;
				COPY_PHASE_STRIP = NO;
				DEBUG_INFORMATION_FORMAT = "dwarf-with-dsym";
				ENABLE_NS_ASSERTIONS = NO;
				ENABLE_STRICT_OBJC_MSGSEND = YES;
				GCC_C_LANGUAGE_STANDARD = gnu11;
				GCC_NO_COMMON_BLOCKS = YES;
				GCC_WARN_64_TO_32_BIT_CONVERSION = YES;
				GCC_WARN_ABOUT_RETURN_TYPE = YES_ERROR;
				GCC_WARN_UNDECLARED_SELECTOR = YES;
				GCC_WARN_UNINITIALIZED_AUTOS = YES_AGGRESSIVE;
				GCC_WARN_UNUSED_FUNCTION = YES;
				GCC_WARN_UNUSED_VARIABLE = YES;
				IPHONEOS_DEPLOYMENT_TARGET = 14.5;
				MTL_ENABLE_DEBUG_INFO = NO;
				MTL_FAST_MATH = YES;
				SDKROOT = iphoneos;
				SWIFT_COMPILATION_MODE = wholemodule;
				SWIFT_OPTIMIZATION_LEVEL = "-O";
				VALIDATE_PRODUCT = YES;
			};
			name = Release;
		};
		37CD4ED926EC68DE00437D17 /* Debug */ = {
			isa = XCBuildConfiguration;
			buildSettings = {
				ASSETCATALOG_COMPILER_APPICON_NAME = AppIcon;
				ASSETCATALOG_COMPILER_GLOBAL_ACCENT_COLOR_NAME = AccentColor;
				CODE_SIGN_STYLE = Automatic;
				DEVELOPMENT_TEAM = 5Q5QZZ9XSR;
				INFOPLIST_FILE = SimpleTimer/Info.plist;
				IPHONEOS_DEPLOYMENT_TARGET = 13.0;
				LD_RUNPATH_SEARCH_PATHS = (
					"$(inherited)",
					"@executable_path/Frameworks",
				);
				PRODUCT_BUNDLE_IDENTIFIER = boyko.gri.SimpleTimer;
				PRODUCT_NAME = "$(TARGET_NAME)";
				SWIFT_VERSION = 5.0;
				TARGETED_DEVICE_FAMILY = 1;
			};
			name = Debug;
		};
		37CD4EDA26EC68DE00437D17 /* Release */ = {
			isa = XCBuildConfiguration;
			buildSettings = {
				ASSETCATALOG_COMPILER_APPICON_NAME = AppIcon;
				ASSETCATALOG_COMPILER_GLOBAL_ACCENT_COLOR_NAME = AccentColor;
				CODE_SIGN_STYLE = Automatic;
				DEVELOPMENT_TEAM = 5Q5QZZ9XSR;
				INFOPLIST_FILE = SimpleTimer/Info.plist;
				IPHONEOS_DEPLOYMENT_TARGET = 13.0;
				LD_RUNPATH_SEARCH_PATHS = (
					"$(inherited)",
					"@executable_path/Frameworks",
				);
				PRODUCT_BUNDLE_IDENTIFIER = boyko.gri.SimpleTimer;
				PRODUCT_NAME = "$(TARGET_NAME)";
				SWIFT_VERSION = 5.0;
				TARGETED_DEVICE_FAMILY = 1;
			};
			name = Release;
		};
/* End XCBuildConfiguration section */

/* Begin XCConfigurationList section */
		37CD4EBF26EC68DB00437D17 /* Build configuration list for PBXProject "SimpleTimer" */ = {
			isa = XCConfigurationList;
			buildConfigurations = (
				37CD4ED626EC68DE00437D17 /* Debug */,
				37CD4ED726EC68DE00437D17 /* Release */,
			);
			defaultConfigurationIsVisible = 0;
			defaultConfigurationName = Release;
		};
		37CD4ED826EC68DE00437D17 /* Build configuration list for PBXNativeTarget "SimpleTimer" */ = {
			isa = XCConfigurationList;
			buildConfigurations = (
				37CD4ED926EC68DE00437D17 /* Debug */,
				37CD4EDA26EC68DE00437D17 /* Release */,
			);
			defaultConfigurationIsVisible = 0;
			defaultConfigurationName = Release;
		};
/* End XCConfigurationList section */

/* Begin XCRemoteSwiftPackageReference section */
		373AA49D26EE49C4007A556C /* XCRemoteSwiftPackageReference "realm-cocoa" */ = {
			isa = XCRemoteSwiftPackageReference;
			repositoryURL = "https://github.com/realm/realm-cocoa.git";
			requirement = {
				kind = upToNextMajorVersion;
				minimumVersion = 10.15.0;
			};
		};
/* End XCRemoteSwiftPackageReference section */

/* Begin XCSwiftPackageProductDependency section */
		373AA49E26EE49C4007A556C /* Realm */ = {
			isa = XCSwiftPackageProductDependency;
			package = 373AA49D26EE49C4007A556C /* XCRemoteSwiftPackageReference "realm-cocoa" */;
			productName = Realm;
		};
		373AA4A026EE49C4007A556C /* RealmSwift */ = {
			isa = XCSwiftPackageProductDependency;
			package = 373AA49D26EE49C4007A556C /* XCRemoteSwiftPackageReference "realm-cocoa" */;
			productName = RealmSwift;
		};
/* End XCSwiftPackageProductDependency section */
	};
	rootObject = 37CD4EBC26EC68DB00437D17 /* Project object */;
}
